{
  "lockfileVersion": 1,
  "configVersion": 1,
  "workspaces": {
    "": {
      "name": "my-lang",
      "devDependencies": {
        "@types/bun": "^1.3.2",
        "bun": "1.3.2",
        "tmlanguage-generator": "^0.6.5",
      },
    },
  },
  "packages": {
    "@oven/bun-darwin-aarch64": ["@oven/bun-darwin-aarch64@1.3.2", "", { "os": "darwin", "cpu": "arm64" }, "sha512-licBDIbbLP5L5/S0+bwtJynso94XD3KyqSP48K59Sq7Mude6C7dR5ZujZm4Ut4BwZqUFfNOfYNMWBU5nlL7t1A=="],

    "@oven/bun-darwin-x64": ["@oven/bun-darwin-x64@1.3.2", "", { "os": "darwin", "cpu": "x64" }, "sha512-hn8lLzsYyyh6ULo2E8v2SqtrWOkdQKJwapeVy1rDw7juTTeHY3KDudGWf4mVYteC9riZU6HD88Fn3nGwyX0eIg=="],

    "@oven/bun-darwin-x64-baseline": ["@oven/bun-darwin-x64-baseline@1.3.2", "", { "os": "darwin", "cpu": "x64" }, "sha512-UHxdtbyxdtNJUNcXtIrjx3Lmq8ji3KywlXtIHV/0vn9A8W5mulqOcryqUWMFVH9JTIIzmNn6Q/qVmXHTME63Ww=="],

    "@oven/bun-linux-aarch64": ["@oven/bun-linux-aarch64@1.3.2", "", { "os": "linux", "cpu": "arm64" }, "sha512-5uZzxzvHU/z+3cZwN/A0H8G+enQ+9FkeJVZkE2fwK2XhiJZFUGAuWajCpy7GepvOWlqV7VjPaKi2+Qmr4IX7nQ=="],

    "@oven/bun-linux-aarch64-musl": ["@oven/bun-linux-aarch64-musl@1.3.2", "", { "os": "linux", "cpu": "arm64" }, "sha512-OD9DYkjes7WXieBn4zQZGXWhRVZhIEWMDGCetZ3H4vxIuweZ++iul/CNX5jdpNXaJ17myb1ROMvmRbrqW44j3w=="],

    "@oven/bun-linux-x64": ["@oven/bun-linux-x64@1.3.2", "", { "os": "linux", "cpu": "x64" }, "sha512-EoEuRP9bxAxVKuvi6tZ0ZENjueP4lvjz0mKsMzdG0kwg/2apGKiirH1l0RIcdmvfDGGuDmNiv/XBpkoXq1x8ug=="],

    "@oven/bun-linux-x64-baseline": ["@oven/bun-linux-x64-baseline@1.3.2", "", { "os": "linux", "cpu": "x64" }, "sha512-m9Ov9YH8KjRLui87eNtQQFKVnjGsNk3xgbrR9c8d2FS3NfZSxmVjSeBvEsDjzNf1TXLDriHb/NYOlpiMf/QzDg=="],

    "@oven/bun-linux-x64-musl": ["@oven/bun-linux-x64-musl@1.3.2", "", { "os": "linux", "cpu": "x64" }, "sha512-3TuOsRVoG8K+soQWRo+Cp5ACpRs6rTFSu5tAqc/6WrqwbNWmqjov/eWJPTgz3gPXnC7uNKVG7RxxAmV8r2EYTQ=="],

    "@oven/bun-linux-x64-musl-baseline": ["@oven/bun-linux-x64-musl-baseline@1.3.2", "", { "os": "linux", "cpu": "x64" }, "sha512-q8Hto8hcpofPJjvuvjuwyYvhOaAzPw1F5vRUUeOJDmDwZ4lZhANFM0rUwchMzfWUJCD6jg8/EVQ8MiixnZWU0A=="],

    "@oven/bun-windows-x64": ["@oven/bun-windows-x64@1.3.2", "", { "os": "win32", "cpu": "x64" }, "sha512-nZJUa5NprPYQ4Ii4cMwtP9PzlJJTp1XhxJ+A9eSn1Jfr6YygVWyN2KLjenyI93IcuBouBAaepDAVZZjH2lFBhg=="],

    "@oven/bun-windows-x64-baseline": ["@oven/bun-windows-x64-baseline@1.3.2", "", { "os": "win32", "cpu": "x64" }, "sha512-s00T99MjB+xLOWq+t+wVaVBrry+oBOZNiTJijt+bmkp/MJptYS3FGvs7a+nkjLNzoNDoWQcXgKew6AaHES37Bg=="],

    "@types/bun": ["@types/bun@1.3.2", "", { "dependencies": { "bun-types": "1.3.2" } }, "sha512-t15P7k5UIgHKkxwnMNkJbWlh/617rkDGEdSsDbu+qNHTaz9SKf7aC8fiIlUdD5RPpH6GEkP0cK7WlvmrEBRtWg=="],

    "@types/node": ["@types/node@24.10.1", "", { "dependencies": { "undici-types": "~7.16.0" } }, "sha512-GNWcUTRBgIRJD5zj+Tq0fKOJ5XZajIiBroOF0yvj2bSU1WvNdYS/dn9UxwsujGW4JX06dnHyjV2y9rRaybH0iQ=="],

    "@types/react": ["@types/react@19.2.6", "", { "dependencies": { "csstype": "^3.2.2" } }, "sha512-p/jUvulfgU7oKtj6Xpk8cA2Y1xKTtICGpJYeJXz2YVO2UcvjQgeRMLDGfDeqeRW2Ta+0QNFwcc8X3GH8SxZz6w=="],

    "@xmldom/xmldom": ["@xmldom/xmldom@0.8.11", "", {}, "sha512-cQzWCtO6C8TQiYl1ruKNn2U6Ao4o4WBBcbL61yJl84x+j5sOWWFU9X7DpND8XZG3daDppSsigMdfAIl2upQBRw=="],

    "base64-js": ["base64-js@1.5.1", "", {}, "sha512-AKpaYlHn8t4SVbOHCy+b5+KKgvR4vrsD8vbvrbiQJps7fKDTkjkDry6ji0rUJjC0kzbNePLwzxq8iypo41qeWA=="],

    "bun": ["bun@1.3.2", "", { "optionalDependencies": { "@oven/bun-darwin-aarch64": "1.3.2", "@oven/bun-darwin-x64": "1.3.2", "@oven/bun-darwin-x64-baseline": "1.3.2", "@oven/bun-linux-aarch64": "1.3.2", "@oven/bun-linux-aarch64-musl": "1.3.2", "@oven/bun-linux-x64": "1.3.2", "@oven/bun-linux-x64-baseline": "1.3.2", "@oven/bun-linux-x64-musl": "1.3.2", "@oven/bun-linux-x64-musl-baseline": "1.3.2", "@oven/bun-windows-x64": "1.3.2", "@oven/bun-windows-x64-baseline": "1.3.2" }, "os": [ "linux", "win32", "darwin", ], "cpu": [ "x64", "arm64", ], "bin": { "bun": "bin/bun.exe", "bunx": "bin/bunx.exe" } }, "sha512-x75mPJiEfhO1j4Tfc65+PtW6ZyrAB6yTZInydnjDZXF9u9PRAnr6OK3v0Q9dpDl0dxRHkXlYvJ8tteJxc8t4Sw=="],

    "bun-types": ["bun-types@1.3.2", "", { "dependencies": { "@types/node": "*" }, "peerDependencies": { "@types/react": "^19" } }, "sha512-i/Gln4tbzKNuxP70OWhJRZz1MRfvqExowP7U6JKoI8cntFrtxg7RJK3jvz7wQW54UuvNC8tbKHHri5fy74FVqg=="],

    "csstype": ["csstype@3.2.3", "", {}, "sha512-z1HGKcYy2xA8AGQfwrn0PAy+PB7X/GSj3UVJW9qKyn43xWa+gl5nXmU4qqLMRzWVLFC8KusUX8T/0kCiOYpAIQ=="],

    "lru-cache": ["lru-cache@5.1.1", "", { "dependencies": { "yallist": "^3.0.2" } }, "sha512-KpNARQA3Iwv+jTA0utUVVbrh+Jlrr1Fv0e56GGzAFOXN7dk/FviaDW8LHmK52DlcH4WP2n6gI8vN1aesBFgo9w=="],

    "onigasm": ["onigasm@2.2.5", "", { "dependencies": { "lru-cache": "^5.1.1" } }, "sha512-F+th54mPc0l1lp1ZcFMyL/jTs2Tlq4SqIHKIXGZOR/VkHkF9A7Fr5rRr5+ZG/lWeRsyrClLYRq7s/yFQ/XhWCA=="],

    "plist": ["plist@3.1.0", "", { "dependencies": { "@xmldom/xmldom": "^0.8.8", "base64-js": "^1.5.1", "xmlbuilder": "^15.1.1" } }, "sha512-uysumyrvkUX0rX/dEVqt8gC3sTBzd4zoWfLeS29nb53imdaXVvLINYXTI2GNqzaMuvacNx4uJQ8+b3zXR0pkgQ=="],

    "tmlanguage-generator": ["tmlanguage-generator@0.6.5", "", { "dependencies": { "onigasm": "~2.2.5", "plist": "~3.1.0" } }, "sha512-iwlJk52qgqQkDrInOTPzBmM1DN5PlHI8m5otmvkBkE2l3zONyGtY4uB3UN9ekJKLGP+p6M76RPPDYEe1aorkkg=="],

    "undici-types": ["undici-types@7.16.0", "", {}, "sha512-Zz+aZWSj8LE6zoxD+xrjh4VfkIG8Ya6LvYkZqtUQGJPZjYl53ypCaUwWqo7eI0x66KBGeRo+mlBEkMSeSZ38Nw=="],

    "xmlbuilder": ["xmlbuilder@15.1.1", "", {}, "sha512-yMqGBqtXyeN1e3TGYvgNgDVZ3j84W4cwkOXQswghol6APgZWaff9lnbvN7MHYJOiXsvGPXtjTYJEiC9J2wv9Eg=="],

    "yallist": ["yallist@3.1.1", "", {}, "sha512-a4UGQaWPH59mOXUYnAG2ewncQS4i4F43Tv3JoAM+s2VDAmS9NsK8GpDMLrCHPksFT7h3K6TOoUNn2pb7RoXx4g=="],
  }
}
